// !$*UTF8*$!
{
	archiveVersion = 1;
	classes = {
	};
	objectVersion = 46;
	objects = {

/* Begin PBXBuildFile section */
		35470C42431644F88034A4CD /* libPods-here clone.a in Frameworks */ = {isa = PBXBuildFile; fileRef = B4514242B13346C6B416A6E6 /* libPods-here clone.a */; };
		7C01C03719989AD700124BEC /* HEREConstant.m in Sources */ = {isa = PBXBuildFile; fileRef = 7C01C03619989AD700124BEC /* HEREConstant.m */; };
		7C06CFCB19AF139F00828692 /* HEREAudioPlayerView.m in Sources */ = {isa = PBXBuildFile; fileRef = 7C06CFCA19AF139F00828692 /* HEREAudioPlayerView.m */; };
		7C06D01119AF69BF00828692 /* anonymous_user.png in Resources */ = {isa = PBXBuildFile; fileRef = 7C06D00A19AF69BF00828692 /* anonymous_user.png */; };
		7C06D01219AF69BF00828692 /* audio_normal@2x.png in Resources */ = {isa = PBXBuildFile; fileRef = 7C06D00B19AF69BF00828692 /* audio_normal@2x.png */; };
		7C06D01319AF69BF00828692 /* audio_play_0@2x.png in Resources */ = {isa = PBXBuildFile; fileRef = 7C06D00C19AF69BF00828692 /* audio_play_0@2x.png */; };
		7C06D01419AF69BF00828692 /* audio_play_1@2x.png in Resources */ = {isa = PBXBuildFile; fileRef = 7C06D00D19AF69BF00828692 /* audio_play_1@2x.png */; };
		7C06D01519AF69BF00828692 /* audio_play_2@2x.png in Resources */ = {isa = PBXBuildFile; fileRef = 7C06D00E19AF69BF00828692 /* audio_play_2@2x.png */; };
		7C06D01619AF69BF00828692 /* RecordCancel@2x.png in Resources */ = {isa = PBXBuildFile; fileRef = 7C06D00F19AF69BF00828692 /* RecordCancel@2x.png */; };
		7C06D01719AF69BF00828692 /* RecordingBkg@2x.png in Resources */ = {isa = PBXBuildFile; fileRef = 7C06D01019AF69BF00828692 /* RecordingBkg@2x.png */; };
		7C2B11B01998B72F00C3EBC1 /* HEREBeaconsMessagesTableViewController.m in Sources */ = {isa = PBXBuildFile; fileRef = 7C2B11AF1998B72F00C3EBC1 /* HEREBeaconsMessagesTableViewController.m */; };
		7C3E5C151991E1E900C53C7B /* HERERootViewController.m in Sources */ = {isa = PBXBuildFile; fileRef = 7C3E5C141991E1E900C53C7B /* HERERootViewController.m */; };
		7C3E5C191991EF6300C53C7B /* HEREHomeViewController.m in Sources */ = {isa = PBXBuildFile; fileRef = 7C3E5C181991EF6300C53C7B /* HEREHomeViewController.m */; };
		7C3E5C1F199200D000C53C7B /* HERENavigationViewController.m in Sources */ = {isa = PBXBuildFile; fileRef = 7C3E5C1E199200D000C53C7B /* HERENavigationViewController.m */; };
		7C3E5C221992033000C53C7B /* HEREBeaconsTableViewController.m in Sources */ = {isa = PBXBuildFile; fileRef = 7C3E5C211992033000C53C7B /* HEREBeaconsTableViewController.m */; };
		7C3E5C28199207C100C53C7B /* HERECreateUserViewController.m in Sources */ = {isa = PBXBuildFile; fileRef = 7C3E5C27199207C100C53C7B /* HERECreateUserViewController.m */; };
		7C3E5C6919920EA100C53C7B /* 1_01.png in Resources */ = {isa = PBXBuildFile; fileRef = 7C3E5C4019920EA000C53C7B /* 1_01.png */; };
		7C3E5C6A19920EA100C53C7B /* 1_03.png in Resources */ = {isa = PBXBuildFile; fileRef = 7C3E5C4119920EA000C53C7B /* 1_03.png */; };
		7C3E5C6B19920EA100C53C7B /* empty_button.png in Resources */ = {isa = PBXBuildFile; fileRef = 7C3E5C4219920EA000C53C7B /* empty_button.png */; };
		7C3E5C6C19920EA100C53C7B /* 1_09.png in Resources */ = {isa = PBXBuildFile; fileRef = 7C3E5C4319920EA000C53C7B /* 1_09.png */; };
		7C3E5C6D19920EA100C53C7B /* 1_12.png in Resources */ = {isa = PBXBuildFile; fileRef = 7C3E5C4419920EA000C53C7B /* 1_12.png */; };
		7C3E5C6E19920EA100C53C7B /* light_button.png in Resources */ = {isa = PBXBuildFile; fileRef = 7C3E5C4519920EA000C53C7B /* light_button.png */; };
		7C3E5C6F19920EA100C53C7B /* dark_button.png in Resources */ = {isa = PBXBuildFile; fileRef = 7C3E5C4619920EA000C53C7B /* dark_button.png */; };
		7C3E5C7019920EA100C53C7B /* 1_21.png in Resources */ = {isa = PBXBuildFile; fileRef = 7C3E5C4719920EA000C53C7B /* 1_21.png */; };
		7C3E5C7119920EA100C53C7B /* pin.png in Resources */ = {isa = PBXBuildFile; fileRef = 7C3E5C4819920EA000C53C7B /* pin.png */; };
		7C3E5C7219920EA100C53C7B /* 1_27.png in Resources */ = {isa = PBXBuildFile; fileRef = 7C3E5C4919920EA000C53C7B /* 1_27.png */; };
		7C3E5C7319920EA100C53C7B /* 1_29.png in Resources */ = {isa = PBXBuildFile; fileRef = 7C3E5C4A19920EA000C53C7B /* 1_29.png */; };
		7C3E5C7419920EA100C53C7B /* left_arrow.png in Resources */ = {isa = PBXBuildFile; fileRef = 7C3E5C4B19920EA000C53C7B /* left_arrow.png */; };
		7C3E5C7519920EA100C53C7B /* 1_38.png in Resources */ = {isa = PBXBuildFile; fileRef = 7C3E5C4C19920EA100C53C7B /* 1_38.png */; };
		7C3E5C7619920EA100C53C7B /* 1_41.png in Resources */ = {isa = PBXBuildFile; fileRef = 7C3E5C4D19920EA100C53C7B /* 1_41.png */; };
		7C3E5C7719920EA100C53C7B /* mic.png in Resources */ = {isa = PBXBuildFile; fileRef = 7C3E5C4E19920EA100C53C7B /* mic.png */; };
		7C3E5C7819920EA100C53C7B /* add.png in Resources */ = {isa = PBXBuildFile; fileRef = 7C3E5C4F19920EA100C53C7B /* add.png */; };
		7C3E5C7919920EA100C53C7B /* menu.png in Resources */ = {isa = PBXBuildFile; fileRef = 7C3E5C5019920EA100C53C7B /* menu.png */; };
		7C3E5C7A19920EA100C53C7B /* 1_49.png in Resources */ = {isa = PBXBuildFile; fileRef = 7C3E5C5119920EA100C53C7B /* 1_49.png */; };
		7C3E5C7B19920EA100C53C7B /* 1_55.png in Resources */ = {isa = PBXBuildFile; fileRef = 7C3E5C5219920EA100C53C7B /* 1_55.png */; };
		7C3E5C7C19920EA100C53C7B /* 1_57.png in Resources */ = {isa = PBXBuildFile; fileRef = 7C3E5C5319920EA100C53C7B /* 1_57.png */; };
		7C3E5C7D19920EA100C53C7B /* 1_60.png in Resources */ = {isa = PBXBuildFile; fileRef = 7C3E5C5419920EA100C53C7B /* 1_60.png */; };
		7C3E5C7E19920EA100C53C7B /* 1_62.png in Resources */ = {isa = PBXBuildFile; fileRef = 7C3E5C5519920EA100C53C7B /* 1_62.png */; };
		7C3E5C7F19920EA100C53C7B /* underline.png in Resources */ = {isa = PBXBuildFile; fileRef = 7C3E5C5619920EA100C53C7B /* underline.png */; };
		7C3E5C8019920EA100C53C7B /* 1_75.png in Resources */ = {isa = PBXBuildFile; fileRef = 7C3E5C5719920EA100C53C7B /* 1_75.png */; };
		7C3E5C8119920EA100C53C7B /* 1_76.png in Resources */ = {isa = PBXBuildFile; fileRef = 7C3E5C5819920EA100C53C7B /* 1_76.png */; };
		7C3E5C8219920EA100C53C7B /* 1_79.png in Resources */ = {isa = PBXBuildFile; fileRef = 7C3E5C5919920EA100C53C7B /* 1_79.png */; };
		7C3E5C8319920EA100C53C7B /* 1_81.png in Resources */ = {isa = PBXBuildFile; fileRef = 7C3E5C5A19920EA100C53C7B /* 1_81.png */; };
		7C3E5C8519920EA100C53C7B /* 1_90.png in Resources */ = {isa = PBXBuildFile; fileRef = 7C3E5C5C19920EA100C53C7B /* 1_90.png */; };
		7C3E5C8619920EA100C53C7B /* 1_94.png in Resources */ = {isa = PBXBuildFile; fileRef = 7C3E5C5D19920EA100C53C7B /* 1_94.png */; };
		7C3E5C8719920EA100C53C7B /* 1_98.png in Resources */ = {isa = PBXBuildFile; fileRef = 7C3E5C5E19920EA100C53C7B /* 1_98.png */; };
		7C3E5C8819920EA100C53C7B /* 1_100.png in Resources */ = {isa = PBXBuildFile; fileRef = 7C3E5C5F19920EA100C53C7B /* 1_100.png */; };
		7C3E5C8919920EA100C53C7B /* 1_102.png in Resources */ = {isa = PBXBuildFile; fileRef = 7C3E5C6019920EA100C53C7B /* 1_102.png */; };
		7C3E5C8A19920EA100C53C7B /* 1_109.png in Resources */ = {isa = PBXBuildFile; fileRef = 7C3E5C6119920EA100C53C7B /* 1_109.png */; };
		7C3E5C8B19920EA100C53C7B /* 1_112.png in Resources */ = {isa = PBXBuildFile; fileRef = 7C3E5C6219920EA100C53C7B /* 1_112.png */; };
		7C3E5C8C19920EA100C53C7B /* 1_115.png in Resources */ = {isa = PBXBuildFile; fileRef = 7C3E5C6319920EA100C53C7B /* 1_115.png */; };
		7C3E5C8D19920EA100C53C7B /* 1_118.png in Resources */ = {isa = PBXBuildFile; fileRef = 7C3E5C6419920EA100C53C7B /* 1_118.png */; };
		7C3E5C8E19920EA100C53C7B /* 1_121.png in Resources */ = {isa = PBXBuildFile; fileRef = 7C3E5C6519920EA100C53C7B /* 1_121.png */; };
		7C3E5C8F19920EA100C53C7B /* 1_128.png in Resources */ = {isa = PBXBuildFile; fileRef = 7C3E5C6619920EA100C53C7B /* 1_128.png */; };
		7C3E5C9019920EA100C53C7B /* 1_131.png in Resources */ = {isa = PBXBuildFile; fileRef = 7C3E5C6719920EA100C53C7B /* 1_131.png */; };
		7C3E5C9119920EA100C53C7B /* 1_133.png in Resources */ = {isa = PBXBuildFile; fileRef = 7C3E5C6819920EA100C53C7B /* 1_133.png */; };
		7C3E5C941992109300C53C7B /* HERESignInViewController.m in Sources */ = {isa = PBXBuildFile; fileRef = 7C3E5C931992109300C53C7B /* HERESignInViewController.m */; };
		7C583F3A19AB370400B62244 /* HEREAPIHelper.m in Sources */ = {isa = PBXBuildFile; fileRef = 7C583F3919AB370400B62244 /* HEREAPIHelper.m */; };
		7C6F424519B0403800EE1B1B /* CoreData.framework in Frameworks */ = {isa = PBXBuildFile; fileRef = 7C6F424419B0403800EE1B1B /* CoreData.framework */; };
		7C6F424B19B0409300EE1B1B /* Here.xcdatamodeld in Sources */ = {isa = PBXBuildFile; fileRef = 7C6F424919B0409300EE1B1B /* Here.xcdatamodeld */; };
		7C6F428319B0562100EE1B1B /* HEREMessageFactory.m in Sources */ = {isa = PBXBuildFile; fileRef = 7C6F428219B0562100EE1B1B /* HEREMessageFactory.m */; };
		7C6F428619B0562C00EE1B1B /* HERELocationFactory.m in Sources */ = {isa = PBXBuildFile; fileRef = 7C6F428519B0562C00EE1B1B /* HERELocationFactory.m */; };
		7C7EBC4B19933E850078BE2F /* here.png in Resources */ = {isa = PBXBuildFile; fileRef = 7C7EBC4A19933E850078BE2F /* here.png */; };
		7C8D6AD4199485DC005A87C4 /* UIViewController+HEREMenu.m in Sources */ = {isa = PBXBuildFile; fileRef = 7C8D6AD3199485DC005A87C4 /* UIViewController+HEREMenu.m */; };
		7C8D6AE21994C1D0005A87C4 /* HERESignInUpViewController.m in Sources */ = {isa = PBXBuildFile; fileRef = 7C8D6AE11994C1D0005A87C4 /* HERESignInUpViewController.m */; };
		7C9893D71993A53000A53029 /* HEREAddBeaconViewController.m in Sources */ = {isa = PBXBuildFile; fileRef = 7C9893D61993A53000A53029 /* HEREAddBeaconViewController.m */; };
		7C9893D91993AD8F00A53029 /* CoreLocation.framework in Frameworks */ = {isa = PBXBuildFile; fileRef = 7C9893D81993AD8F00A53029 /* CoreLocation.framework */; };
		7C9E818E1991DFA100156B88 /* main.m in Sources */ = {isa = PBXBuildFile; fileRef = 7C9E818D1991DFA100156B88 /* main.m */; };
		7C9E81911991DFA100156B88 /* AppDelegate.m in Sources */ = {isa = PBXBuildFile; fileRef = 7C9E81901991DFA100156B88 /* AppDelegate.m */; };
		7C9E81971991DFA100156B88 /* Main.storyboard in Resources */ = {isa = PBXBuildFile; fileRef = 7C9E81951991DFA100156B88 /* Main.storyboard */; };
		7C9E81991991DFA100156B88 /* Images.xcassets in Resources */ = {isa = PBXBuildFile; fileRef = 7C9E81981991DFA100156B88 /* Images.xcassets */; };
		7C9E81A51991DFA100156B88 /* here_cloneTests.m in Sources */ = {isa = PBXBuildFile; fileRef = 7C9E81A41991DFA100156B88 /* here_cloneTests.m */; };
		7CA62F6719AF899800943F9C /* audio_press@2x.png in Resources */ = {isa = PBXBuildFile; fileRef = 7CA62F6619AF899800943F9C /* audio_press@2x.png */; };
		7CA62F6A19AF920300943F9C /* HEREAudioHelper.m in Sources */ = {isa = PBXBuildFile; fileRef = 7CA62F6919AF920300943F9C /* HEREAudioHelper.m */; };
		7CAA365519B701C100A14A07 /* Message.m in Sources */ = {isa = PBXBuildFile; fileRef = 7CAA365419B701C100A14A07 /* Message.m */; };
		7CAE354519A1C28100263241 /* CustomCell.m in Sources */ = {isa = PBXBuildFile; fileRef = 7CAE354419A1C28100263241 /* CustomCell.m */; };
		7CBA788419B4987D000CFEC8 /* Location.m in Sources */ = {isa = PBXBuildFile; fileRef = 7CBA788319B4987D000CFEC8 /* Location.m */; };
		7CCB1F4119B4444600A49C8C /* HERECoreDataHelper.m in Sources */ = {isa = PBXBuildFile; fileRef = 7CCB1F4019B4444600A49C8C /* HERECoreDataHelper.m */; };
		7CDD6D8A19922D5400138475 /* HEREMenuTableViewController.m in Sources */ = {isa = PBXBuildFile; fileRef = 7CDD6D8919922D5400138475 /* HEREMenuTableViewController.m */; };
		7CF1A1BC1999CB04004300AF /* HEREBeacon.m in Sources */ = {isa = PBXBuildFile; fileRef = 7CF1A1BB1999CB04004300AF /* HEREBeacon.m */; };
		7CF49703199B5CFF001AD29F /* HEREFactory.m in Sources */ = {isa = PBXBuildFile; fileRef = 7CF49702199B5CFF001AD29F /* HEREFactory.m */; };
		7CF4970A199B887B001AD29F /* HERELocationHelper.m in Sources */ = {isa = PBXBuildFile; fileRef = 7CF49709199B887B001AD29F /* HERELocationHelper.m */; };
/* End PBXBuildFile section */

/* Begin PBXContainerItemProxy section */
		7C9E819F1991DFA100156B88 /* PBXContainerItemProxy */ = {
			isa = PBXContainerItemProxy;
			containerPortal = 7C9E81801991DFA100156B88 /* Project object */;
			proxyType = 1;
			remoteGlobalIDString = 7C9E81871991DFA100156B88;
			remoteInfo = "here clone";
		};
/* End PBXContainerItemProxy section */

/* Begin PBXFileReference section */
		7C01C03519989AD700124BEC /* HEREConstant.h */ = {isa = PBXFileReference; fileEncoding = 4; lastKnownFileType = sourcecode.c.h; path = HEREConstant.h; sourceTree = "<group>"; };
		7C01C03619989AD700124BEC /* HEREConstant.m */ = {isa = PBXFileReference; fileEncoding = 4; lastKnownFileType = sourcecode.c.objc; path = HEREConstant.m; sourceTree = "<group>"; };
		7C06CFC919AF139F00828692 /* HEREAudioPlayerView.h */ = {isa = PBXFileReference; fileEncoding = 4; lastKnownFileType = sourcecode.c.h; path = HEREAudioPlayerView.h; sourceTree = "<group>"; };
		7C06CFCA19AF139F00828692 /* HEREAudioPlayerView.m */ = {isa = PBXFileReference; fileEncoding = 4; lastKnownFileType = sourcecode.c.objc; path = HEREAudioPlayerView.m; sourceTree = "<group>"; };
		7C06D00A19AF69BF00828692 /* anonymous_user.png */ = {isa = PBXFileReference; lastKnownFileType = image.png; path = anonymous_user.png; sourceTree = "<group>"; };
		7C06D00B19AF69BF00828692 /* audio_normal@2x.png */ = {isa = PBXFileReference; lastKnownFileType = image.png; path = "audio_normal@2x.png"; sourceTree = "<group>"; };
		7C06D00C19AF69BF00828692 /* audio_play_0@2x.png */ = {isa = PBXFileReference; lastKnownFileType = image.png; path = "audio_play_0@2x.png"; sourceTree = "<group>"; };
		7C06D00D19AF69BF00828692 /* audio_play_1@2x.png */ = {isa = PBXFileReference; lastKnownFileType = image.png; path = "audio_play_1@2x.png"; sourceTree = "<group>"; };
		7C06D00E19AF69BF00828692 /* audio_play_2@2x.png */ = {isa = PBXFileReference; lastKnownFileType = image.png; path = "audio_play_2@2x.png"; sourceTree = "<group>"; };
		7C06D00F19AF69BF00828692 /* RecordCancel@2x.png */ = {isa = PBXFileReference; lastKnownFileType = image.png; path = "RecordCancel@2x.png"; sourceTree = "<group>"; };
		7C06D01019AF69BF00828692 /* RecordingBkg@2x.png */ = {isa = PBXFileReference; lastKnownFileType = image.png; path = "RecordingBkg@2x.png"; sourceTree = "<group>"; };
		7C2B11AE1998B72F00C3EBC1 /* HEREBeaconsMessagesTableViewController.h */ = {isa = PBXFileReference; fileEncoding = 4; lastKnownFileType = sourcecode.c.h; path = HEREBeaconsMessagesTableViewController.h; sourceTree = "<group>"; };
		7C2B11AF1998B72F00C3EBC1 /* HEREBeaconsMessagesTableViewController.m */ = {isa = PBXFileReference; fileEncoding = 4; lastKnownFileType = sourcecode.c.objc; path = HEREBeaconsMessagesTableViewController.m; sourceTree = "<group>"; };
		7C3E5C131991E1E900C53C7B /* HERERootViewController.h */ = {isa = PBXFileReference; fileEncoding = 4; lastKnownFileType = sourcecode.c.h; path = HERERootViewController.h; sourceTree = "<group>"; };
		7C3E5C141991E1E900C53C7B /* HERERootViewController.m */ = {isa = PBXFileReference; fileEncoding = 4; lastKnownFileType = sourcecode.c.objc; path = HERERootViewController.m; sourceTree = "<group>"; };
		7C3E5C171991EF6300C53C7B /* HEREHomeViewController.h */ = {isa = PBXFileReference; fileEncoding = 4; lastKnownFileType = sourcecode.c.h; path = HEREHomeViewController.h; sourceTree = "<group>"; };
		7C3E5C181991EF6300C53C7B /* HEREHomeViewController.m */ = {isa = PBXFileReference; fileEncoding = 4; lastKnownFileType = sourcecode.c.objc; path = HEREHomeViewController.m; sourceTree = "<group>"; };
		7C3E5C1D199200D000C53C7B /* HERENavigationViewController.h */ = {isa = PBXFileReference; fileEncoding = 4; lastKnownFileType = sourcecode.c.h; path = HERENavigationViewController.h; sourceTree = "<group>"; };
		7C3E5C1E199200D000C53C7B /* HERENavigationViewController.m */ = {isa = PBXFileReference; fileEncoding = 4; lastKnownFileType = sourcecode.c.objc; path = HERENavigationViewController.m; sourceTree = "<group>"; };
		7C3E5C201992033000C53C7B /* HEREBeaconsTableViewController.h */ = {isa = PBXFileReference; fileEncoding = 4; lastKnownFileType = sourcecode.c.h; path = HEREBeaconsTableViewController.h; sourceTree = "<group>"; };
		7C3E5C211992033000C53C7B /* HEREBeaconsTableViewController.m */ = {isa = PBXFileReference; fileEncoding = 4; lastKnownFileType = sourcecode.c.objc; path = HEREBeaconsTableViewController.m; sourceTree = "<group>"; };
		7C3E5C26199207C100C53C7B /* HERECreateUserViewController.h */ = {isa = PBXFileReference; fileEncoding = 4; lastKnownFileType = sourcecode.c.h; path = HERECreateUserViewController.h; sourceTree = "<group>"; };
		7C3E5C27199207C100C53C7B /* HERECreateUserViewController.m */ = {isa = PBXFileReference; fileEncoding = 4; lastKnownFileType = sourcecode.c.objc; path = HERECreateUserViewController.m; sourceTree = "<group>"; };
		7C3E5C4019920EA000C53C7B /* 1_01.png */ = {isa = PBXFileReference; lastKnownFileType = image.png; path = 1_01.png; sourceTree = "<group>"; };
		7C3E5C4119920EA000C53C7B /* 1_03.png */ = {isa = PBXFileReference; lastKnownFileType = image.png; path = 1_03.png; sourceTree = "<group>"; };
		7C3E5C4219920EA000C53C7B /* empty_button.png */ = {isa = PBXFileReference; lastKnownFileType = image.png; path = empty_button.png; sourceTree = "<group>"; };
		7C3E5C4319920EA000C53C7B /* 1_09.png */ = {isa = PBXFileReference; lastKnownFileType = image.png; path = 1_09.png; sourceTree = "<group>"; };
		7C3E5C4419920EA000C53C7B /* 1_12.png */ = {isa = PBXFileReference; lastKnownFileType = image.png; path = 1_12.png; sourceTree = "<group>"; };
		7C3E5C4519920EA000C53C7B /* light_button.png */ = {isa = PBXFileReference; lastKnownFileType = image.png; path = light_button.png; sourceTree = "<group>"; };
		7C3E5C4619920EA000C53C7B /* dark_button.png */ = {isa = PBXFileReference; lastKnownFileType = image.png; path = dark_button.png; sourceTree = "<group>"; };
		7C3E5C4719920EA000C53C7B /* 1_21.png */ = {isa = PBXFileReference; lastKnownFileType = image.png; path = 1_21.png; sourceTree = "<group>"; };
		7C3E5C4819920EA000C53C7B /* pin.png */ = {isa = PBXFileReference; lastKnownFileType = image.png; path = pin.png; sourceTree = "<group>"; };
		7C3E5C4919920EA000C53C7B /* 1_27.png */ = {isa = PBXFileReference; lastKnownFileType = image.png; path = 1_27.png; sourceTree = "<group>"; };
		7C3E5C4A19920EA000C53C7B /* 1_29.png */ = {isa = PBXFileReference; lastKnownFileType = image.png; path = 1_29.png; sourceTree = "<group>"; };
		7C3E5C4B19920EA000C53C7B /* left_arrow.png */ = {isa = PBXFileReference; lastKnownFileType = image.png; path = left_arrow.png; sourceTree = "<group>"; };
		7C3E5C4C19920EA100C53C7B /* 1_38.png */ = {isa = PBXFileReference; lastKnownFileType = image.png; path = 1_38.png; sourceTree = "<group>"; };
		7C3E5C4D19920EA100C53C7B /* 1_41.png */ = {isa = PBXFileReference; lastKnownFileType = image.png; path = 1_41.png; sourceTree = "<group>"; };
		7C3E5C4E19920EA100C53C7B /* mic.png */ = {isa = PBXFileReference; lastKnownFileType = image.png; path = mic.png; sourceTree = "<group>"; };
		7C3E5C4F19920EA100C53C7B /* add.png */ = {isa = PBXFileReference; lastKnownFileType = image.png; path = add.png; sourceTree = "<group>"; };
		7C3E5C5019920EA100C53C7B /* menu.png */ = {isa = PBXFileReference; lastKnownFileType = image.png; path = menu.png; sourceTree = "<group>"; };
		7C3E5C5119920EA100C53C7B /* 1_49.png */ = {isa = PBXFileReference; lastKnownFileType = image.png; path = 1_49.png; sourceTree = "<group>"; };
		7C3E5C5219920EA100C53C7B /* 1_55.png */ = {isa = PBXFileReference; lastKnownFileType = image.png; path = 1_55.png; sourceTree = "<group>"; };
		7C3E5C5319920EA100C53C7B /* 1_57.png */ = {isa = PBXFileReference; lastKnownFileType = image.png; path = 1_57.png; sourceTree = "<group>"; };
		7C3E5C5419920EA100C53C7B /* 1_60.png */ = {isa = PBXFileReference; lastKnownFileType = image.png; path = 1_60.png; sourceTree = "<group>"; };
		7C3E5C5519920EA100C53C7B /* 1_62.png */ = {isa = PBXFileReference; lastKnownFileType = image.png; path = 1_62.png; sourceTree = "<group>"; };
		7C3E5C5619920EA100C53C7B /* underline.png */ = {isa = PBXFileReference; lastKnownFileType = image.png; path = underline.png; sourceTree = "<group>"; };
		7C3E5C5719920EA100C53C7B /* 1_75.png */ = {isa = PBXFileReference; lastKnownFileType = image.png; path = 1_75.png; sourceTree = "<group>"; };
		7C3E5C5819920EA100C53C7B /* 1_76.png */ = {isa = PBXFileReference; lastKnownFileType = image.png; path = 1_76.png; sourceTree = "<group>"; };
		7C3E5C5919920EA100C53C7B /* 1_79.png */ = {isa = PBXFileReference; lastKnownFileType = image.png; path = 1_79.png; sourceTree = "<group>"; };
		7C3E5C5A19920EA100C53C7B /* 1_81.png */ = {isa = PBXFileReference; lastKnownFileType = image.png; path = 1_81.png; sourceTree = "<group>"; };
		7C3E5C5B19920EA100C53C7B /* anonymous_user.png */ = {isa = PBXFileReference; lastKnownFileType = image.png; path = anonymous_user.png; sourceTree = "<group>"; };
		7C3E5C5C19920EA100C53C7B /* 1_90.png */ = {isa = PBXFileReference; lastKnownFileType = image.png; path = 1_90.png; sourceTree = "<group>"; };
		7C3E5C5D19920EA100C53C7B /* 1_94.png */ = {isa = PBXFileReference; lastKnownFileType = image.png; path = 1_94.png; sourceTree = "<group>"; };
		7C3E5C5E19920EA100C53C7B /* 1_98.png */ = {isa = PBXFileReference; lastKnownFileType = image.png; path = 1_98.png; sourceTree = "<group>"; };
		7C3E5C5F19920EA100C53C7B /* 1_100.png */ = {isa = PBXFileReference; lastKnownFileType = image.png; path = 1_100.png; sourceTree = "<group>"; };
		7C3E5C6019920EA100C53C7B /* 1_102.png */ = {isa = PBXFileReference; lastKnownFileType = image.png; path = 1_102.png; sourceTree = "<group>"; };
		7C3E5C6119920EA100C53C7B /* 1_109.png */ = {isa = PBXFileReference; lastKnownFileType = image.png; path = 1_109.png; sourceTree = "<group>"; };
		7C3E5C6219920EA100C53C7B /* 1_112.png */ = {isa = PBXFileReference; lastKnownFileType = image.png; path = 1_112.png; sourceTree = "<group>"; };
		7C3E5C6319920EA100C53C7B /* 1_115.png */ = {isa = PBXFileReference; lastKnownFileType = image.png; path = 1_115.png; sourceTree = "<group>"; };
		7C3E5C6419920EA100C53C7B /* 1_118.png */ = {isa = PBXFileReference; lastKnownFileType = image.png; path = 1_118.png; sourceTree = "<group>"; };
		7C3E5C6519920EA100C53C7B /* 1_121.png */ = {isa = PBXFileReference; lastKnownFileType = image.png; path = 1_121.png; sourceTree = "<group>"; };
		7C3E5C6619920EA100C53C7B /* 1_128.png */ = {isa = PBXFileReference; lastKnownFileType = image.png; path = 1_128.png; sourceTree = "<group>"; };
		7C3E5C6719920EA100C53C7B /* 1_131.png */ = {isa = PBXFileReference; lastKnownFileType = image.png; path = 1_131.png; sourceTree = "<group>"; };
		7C3E5C6819920EA100C53C7B /* 1_133.png */ = {isa = PBXFileReference; lastKnownFileType = image.png; path = 1_133.png; sourceTree = "<group>"; };
		7C3E5C921992109300C53C7B /* HERESignInViewController.h */ = {isa = PBXFileReference; fileEncoding = 4; lastKnownFileType = sourcecode.c.h; path = HERESignInViewController.h; sourceTree = "<group>"; };
		7C3E5C931992109300C53C7B /* HERESignInViewController.m */ = {isa = PBXFileReference; fileEncoding = 4; lastKnownFileType = sourcecode.c.objc; path = HERESignInViewController.m; sourceTree = "<group>"; };
		7C583F3819AB370400B62244 /* HEREAPIHelper.h */ = {isa = PBXFileReference; fileEncoding = 4; lastKnownFileType = sourcecode.c.h; path = HEREAPIHelper.h; sourceTree = "<group>"; };
		7C583F3919AB370400B62244 /* HEREAPIHelper.m */ = {isa = PBXFileReference; fileEncoding = 4; lastKnownFileType = sourcecode.c.objc; path = HEREAPIHelper.m; sourceTree = "<group>"; };
		7C6F424419B0403800EE1B1B /* CoreData.framework */ = {isa = PBXFileReference; lastKnownFileType = wrapper.framework; name = CoreData.framework; path = System/Library/Frameworks/CoreData.framework; sourceTree = SDKROOT; };
		7C6F424A19B0409300EE1B1B /* Here.xcdatamodel */ = {isa = PBXFileReference; lastKnownFileType = wrapper.xcdatamodel; path = Here.xcdatamodel; sourceTree = "<group>"; };
		7C6F428119B0562100EE1B1B /* HEREMessageFactory.h */ = {isa = PBXFileReference; fileEncoding = 4; lastKnownFileType = sourcecode.c.h; path = HEREMessageFactory.h; sourceTree = "<group>"; };
		7C6F428219B0562100EE1B1B /* HEREMessageFactory.m */ = {isa = PBXFileReference; fileEncoding = 4; lastKnownFileType = sourcecode.c.objc; path = HEREMessageFactory.m; sourceTree = "<group>"; };
		7C6F428419B0562C00EE1B1B /* HERELocationFactory.h */ = {isa = PBXFileReference; fileEncoding = 4; lastKnownFileType = sourcecode.c.h; path = HERELocationFactory.h; sourceTree = "<group>"; };
		7C6F428519B0562C00EE1B1B /* HERELocationFactory.m */ = {isa = PBXFileReference; fileEncoding = 4; lastKnownFileType = sourcecode.c.objc; path = HERELocationFactory.m; sourceTree = "<group>"; };
		7C7EBC4A19933E850078BE2F /* here.png */ = {isa = PBXFileReference; lastKnownFileType = image.png; path = here.png; sourceTree = "<group>"; };
		7C8D6AD2199485DC005A87C4 /* UIViewController+HEREMenu.h */ = {isa = PBXFileReference; fileEncoding = 4; lastKnownFileType = sourcecode.c.h; path = "UIViewController+HEREMenu.h"; sourceTree = "<group>"; };
		7C8D6AD3199485DC005A87C4 /* UIViewController+HEREMenu.m */ = {isa = PBXFileReference; fileEncoding = 4; lastKnownFileType = sourcecode.c.objc; path = "UIViewController+HEREMenu.m"; sourceTree = "<group>"; };
		7C8D6ADF1994BE3F005A87C4 /* HEREPrefix.pch */ = {isa = PBXFileReference; fileEncoding = 4; lastKnownFileType = sourcecode.c.h; path = HEREPrefix.pch; sourceTree = "<group>"; };
		7C8D6AE01994C1D0005A87C4 /* HERESignInUpViewController.h */ = {isa = PBXFileReference; fileEncoding = 4; lastKnownFileType = sourcecode.c.h; path = HERESignInUpViewController.h; sourceTree = "<group>"; };
		7C8D6AE11994C1D0005A87C4 /* HERESignInUpViewController.m */ = {isa = PBXFileReference; fileEncoding = 4; lastKnownFileType = sourcecode.c.objc; path = HERESignInUpViewController.m; sourceTree = "<group>"; };
		7C9893D51993A53000A53029 /* HEREAddBeaconViewController.h */ = {isa = PBXFileReference; fileEncoding = 4; lastKnownFileType = sourcecode.c.h; path = HEREAddBeaconViewController.h; sourceTree = "<group>"; };
		7C9893D61993A53000A53029 /* HEREAddBeaconViewController.m */ = {isa = PBXFileReference; fileEncoding = 4; lastKnownFileType = sourcecode.c.objc; path = HEREAddBeaconViewController.m; sourceTree = "<group>"; };
		7C9893D81993AD8F00A53029 /* CoreLocation.framework */ = {isa = PBXFileReference; lastKnownFileType = wrapper.framework; name = CoreLocation.framework; path = System/Library/Frameworks/CoreLocation.framework; sourceTree = SDKROOT; };
		7C9E81881991DFA100156B88 /* here clone.app */ = {isa = PBXFileReference; explicitFileType = wrapper.application; includeInIndex = 0; path = "here clone.app"; sourceTree = BUILT_PRODUCTS_DIR; };
		7C9E818C1991DFA100156B88 /* Info.plist */ = {isa = PBXFileReference; lastKnownFileType = text.plist.xml; path = Info.plist; sourceTree = "<group>"; };
		7C9E818D1991DFA100156B88 /* main.m */ = {isa = PBXFileReference; lastKnownFileType = sourcecode.c.objc; path = main.m; sourceTree = "<group>"; };
		7C9E818F1991DFA100156B88 /* AppDelegate.h */ = {isa = PBXFileReference; lastKnownFileType = sourcecode.c.h; path = AppDelegate.h; sourceTree = "<group>"; };
		7C9E81901991DFA100156B88 /* AppDelegate.m */ = {isa = PBXFileReference; lastKnownFileType = sourcecode.c.objc; path = AppDelegate.m; sourceTree = "<group>"; };
		7C9E81961991DFA100156B88 /* Base */ = {isa = PBXFileReference; lastKnownFileType = file.storyboard; name = Base; path = Base.lproj/Main.storyboard; sourceTree = "<group>"; };
		7C9E81981991DFA100156B88 /* Images.xcassets */ = {isa = PBXFileReference; lastKnownFileType = folder.assetcatalog; path = Images.xcassets; sourceTree = "<group>"; };
		7C9E819E1991DFA100156B88 /* here cloneTests.xctest */ = {isa = PBXFileReference; explicitFileType = wrapper.cfbundle; includeInIndex = 0; path = "here cloneTests.xctest"; sourceTree = BUILT_PRODUCTS_DIR; };
		7C9E81A31991DFA100156B88 /* Info.plist */ = {isa = PBXFileReference; lastKnownFileType = text.plist.xml; path = Info.plist; sourceTree = "<group>"; };
		7C9E81A41991DFA100156B88 /* here_cloneTests.m */ = {isa = PBXFileReference; lastKnownFileType = sourcecode.c.objc; path = here_cloneTests.m; sourceTree = "<group>"; };
		7CA62F6619AF899800943F9C /* audio_press@2x.png */ = {isa = PBXFileReference; lastKnownFileType = image.png; path = "audio_press@2x.png"; sourceTree = "<group>"; };
		7CA62F6819AF920300943F9C /* HEREAudioHelper.h */ = {isa = PBXFileReference; fileEncoding = 4; lastKnownFileType = sourcecode.c.h; path = HEREAudioHelper.h; sourceTree = "<group>"; };
		7CA62F6919AF920300943F9C /* HEREAudioHelper.m */ = {isa = PBXFileReference; fileEncoding = 4; lastKnownFileType = sourcecode.c.objc; path = HEREAudioHelper.m; sourceTree = "<group>"; };
		7CAA364919B6CCE200A14A07 /* Here 2.xcdatamodel */ = {isa = PBXFileReference; lastKnownFileType = wrapper.xcdatamodel; path = "Here 2.xcdatamodel"; sourceTree = "<group>"; };
		7CAA365319B701C100A14A07 /* Message.h */ = {isa = PBXFileReference; fileEncoding = 4; lastKnownFileType = sourcecode.c.h; path = Message.h; sourceTree = "<group>"; };
		7CAA365419B701C100A14A07 /* Message.m */ = {isa = PBXFileReference; fileEncoding = 4; lastKnownFileType = sourcecode.c.objc; path = Message.m; sourceTree = "<group>"; };
		7CAE354319A1C28100263241 /* CustomCell.h */ = {isa = PBXFileReference; fileEncoding = 4; lastKnownFileType = sourcecode.c.h; path = CustomCell.h; sourceTree = "<group>"; };
		7CAE354419A1C28100263241 /* CustomCell.m */ = {isa = PBXFileReference; fileEncoding = 4; lastKnownFileType = sourcecode.c.objc; path = CustomCell.m; sourceTree = "<group>"; };
		7CBA788219B4987D000CFEC8 /* Location.h */ = {isa = PBXFileReference; fileEncoding = 4; lastKnownFileType = sourcecode.c.h; path = Location.h; sourceTree = "<group>"; };
		7CBA788319B4987D000CFEC8 /* Location.m */ = {isa = PBXFileReference; fileEncoding = 4; lastKnownFileType = sourcecode.c.objc; path = Location.m; sourceTree = "<group>"; };
		7CCB1F3F19B4444600A49C8C /* HERECoreDataHelper.h */ = {isa = PBXFileReference; fileEncoding = 4; lastKnownFileType = sourcecode.c.h; path = HERECoreDataHelper.h; sourceTree = "<group>"; };
		7CCB1F4019B4444600A49C8C /* HERECoreDataHelper.m */ = {isa = PBXFileReference; fileEncoding = 4; lastKnownFileType = sourcecode.c.objc; path = HERECoreDataHelper.m; sourceTree = "<group>"; };
		7CDD6D8819922D5400138475 /* HEREMenuTableViewController.h */ = {isa = PBXFileReference; fileEncoding = 4; lastKnownFileType = sourcecode.c.h; path = HEREMenuTableViewController.h; sourceTree = "<group>"; };
		7CDD6D8919922D5400138475 /* HEREMenuTableViewController.m */ = {isa = PBXFileReference; fileEncoding = 4; lastKnownFileType = sourcecode.c.objc; path = HEREMenuTableViewController.m; sourceTree = "<group>"; };
		7CF1A1BA1999CB04004300AF /* HEREBeacon.h */ = {isa = PBXFileReference; fileEncoding = 4; lastKnownFileType = sourcecode.c.h; path = HEREBeacon.h; sourceTree = "<group>"; };
		7CF1A1BB1999CB04004300AF /* HEREBeacon.m */ = {isa = PBXFileReference; fileEncoding = 4; lastKnownFileType = sourcecode.c.objc; path = HEREBeacon.m; sourceTree = "<group>"; };
		7CF49701199B5CFF001AD29F /* HEREFactory.h */ = {isa = PBXFileReference; fileEncoding = 4; lastKnownFileType = sourcecode.c.h; path = HEREFactory.h; sourceTree = "<group>"; };
		7CF49702199B5CFF001AD29F /* HEREFactory.m */ = {isa = PBXFileReference; fileEncoding = 4; lastKnownFileType = sourcecode.c.objc; path = HEREFactory.m; sourceTree = "<group>"; };
		7CF49708199B887B001AD29F /* HERELocationHelper.h */ = {isa = PBXFileReference; fileEncoding = 4; lastKnownFileType = sourcecode.c.h; path = HERELocationHelper.h; sourceTree = "<group>"; };
		7CF49709199B887B001AD29F /* HERELocationHelper.m */ = {isa = PBXFileReference; fileEncoding = 4; lastKnownFileType = sourcecode.c.objc; path = HERELocationHelper.m; sourceTree = "<group>"; };
		AF475C44CD5C49859A81FAD0 /* Pods-here clone.xcconfig */ = {isa = PBXFileReference; includeInIndex = 1; lastKnownFileType = text.xcconfig; name = "Pods-here clone.xcconfig"; path = "Pods/Pods-here clone.xcconfig"; sourceTree = "<group>"; };
		B4514242B13346C6B416A6E6 /* libPods-here clone.a */ = {isa = PBXFileReference; explicitFileType = archive.ar; includeInIndex = 0; path = "libPods-here clone.a"; sourceTree = BUILT_PRODUCTS_DIR; };
/* End PBXFileReference section */

/* Begin PBXFrameworksBuildPhase section */
		7C9E81851991DFA100156B88 /* Frameworks */ = {
			isa = PBXFrameworksBuildPhase;
			buildActionMask = 2147483647;
			files = (
				7C6F424519B0403800EE1B1B /* CoreData.framework in Frameworks */,
				7C9893D91993AD8F00A53029 /* CoreLocation.framework in Frameworks */,
				35470C42431644F88034A4CD /* libPods-here clone.a in Frameworks */,
			);
			runOnlyForDeploymentPostprocessing = 0;
		};
		7C9E819B1991DFA100156B88 /* Frameworks */ = {
			isa = PBXFrameworksBuildPhase;
			buildActionMask = 2147483647;
			files = (
			);
			runOnlyForDeploymentPostprocessing = 0;
		};
/* End PBXFrameworksBuildPhase section */

/* Begin PBXGroup section */
		152EE7DA0D30420BB89BFA61 /* Frameworks */ = {
			isa = PBXGroup;
			children = (
				7C6F424419B0403800EE1B1B /* CoreData.framework */,
				7C9893D81993AD8F00A53029 /* CoreLocation.framework */,
				B4514242B13346C6B416A6E6 /* libPods-here clone.a */,
			);
			name = Frameworks;
			sourceTree = "<group>";
		};
		7C3E5C161991E1F100C53C7B /* Controllers */ = {
			isa = PBXGroup;
			children = (
				7C8D6AD2199485DC005A87C4 /* UIViewController+HEREMenu.h */,
				7C8D6AD3199485DC005A87C4 /* UIViewController+HEREMenu.m */,
				7C3E5C131991E1E900C53C7B /* HERERootViewController.h */,
				7C3E5C141991E1E900C53C7B /* HERERootViewController.m */,
				7C3E5C1D199200D000C53C7B /* HERENavigationViewController.h */,
				7C3E5C1E199200D000C53C7B /* HERENavigationViewController.m */,
				7CDD6D8819922D5400138475 /* HEREMenuTableViewController.h */,
				7CDD6D8919922D5400138475 /* HEREMenuTableViewController.m */,
				7C8D6AE01994C1D0005A87C4 /* HERESignInUpViewController.h */,
				7C8D6AE11994C1D0005A87C4 /* HERESignInUpViewController.m */,
				7C3E5C921992109300C53C7B /* HERESignInViewController.h */,
				7C3E5C931992109300C53C7B /* HERESignInViewController.m */,
				7C3E5C26199207C100C53C7B /* HERECreateUserViewController.h */,
				7C3E5C27199207C100C53C7B /* HERECreateUserViewController.m */,
				7C3E5C171991EF6300C53C7B /* HEREHomeViewController.h */,
				7C3E5C181991EF6300C53C7B /* HEREHomeViewController.m */,
				7C2B11AE1998B72F00C3EBC1 /* HEREBeaconsMessagesTableViewController.h */,
				7C2B11AF1998B72F00C3EBC1 /* HEREBeaconsMessagesTableViewController.m */,
				7C06CFC919AF139F00828692 /* HEREAudioPlayerView.h */,
				7C06CFCA19AF139F00828692 /* HEREAudioPlayerView.m */,
				7C3E5C201992033000C53C7B /* HEREBeaconsTableViewController.h */,
				7C3E5C211992033000C53C7B /* HEREBeaconsTableViewController.m */,
				7C9893D51993A53000A53029 /* HEREAddBeaconViewController.h */,
				7C9893D61993A53000A53029 /* HEREAddBeaconViewController.m */,
				7CAE354319A1C28100263241 /* CustomCell.h */,
				7CAE354419A1C28100263241 /* CustomCell.m */,
			);
			name = Controllers;
			sourceTree = "<group>";
		};
		7C3E5C3F19920E9700C53C7B /* Images */ = {
			isa = PBXGroup;
			children = (
				7C7EBC4A19933E850078BE2F /* here.png */,
				7C3E5C4019920EA000C53C7B /* 1_01.png */,
				7C3E5C4119920EA000C53C7B /* 1_03.png */,
				7C3E5C4219920EA000C53C7B /* empty_button.png */,
				7C3E5C4319920EA000C53C7B /* 1_09.png */,
				7C3E5C4419920EA000C53C7B /* 1_12.png */,
				7C3E5C4519920EA000C53C7B /* light_button.png */,
				7C3E5C4619920EA000C53C7B /* dark_button.png */,
				7C3E5C4719920EA000C53C7B /* 1_21.png */,
				7C3E5C4819920EA000C53C7B /* pin.png */,
				7C06D00A19AF69BF00828692 /* anonymous_user.png */,
				7CA62F6619AF899800943F9C /* audio_press@2x.png */,
				7C06D00B19AF69BF00828692 /* audio_normal@2x.png */,
				7C06D00C19AF69BF00828692 /* audio_play_0@2x.png */,
				7C06D00D19AF69BF00828692 /* audio_play_1@2x.png */,
				7C06D00E19AF69BF00828692 /* audio_play_2@2x.png */,
				7C06D00F19AF69BF00828692 /* RecordCancel@2x.png */,
				7C06D01019AF69BF00828692 /* RecordingBkg@2x.png */,
				7C3E5C4919920EA000C53C7B /* 1_27.png */,
				7C3E5C4A19920EA000C53C7B /* 1_29.png */,
				7C3E5C4B19920EA000C53C7B /* left_arrow.png */,
				7C3E5C4C19920EA100C53C7B /* 1_38.png */,
				7C3E5C4D19920EA100C53C7B /* 1_41.png */,
				7C3E5C4E19920EA100C53C7B /* mic.png */,
				7C3E5C4F19920EA100C53C7B /* add.png */,
				7C3E5C5019920EA100C53C7B /* menu.png */,
				7C3E5C5119920EA100C53C7B /* 1_49.png */,
				7C3E5C5219920EA100C53C7B /* 1_55.png */,
				7C3E5C5319920EA100C53C7B /* 1_57.png */,
				7C3E5C5419920EA100C53C7B /* 1_60.png */,
				7C3E5C5519920EA100C53C7B /* 1_62.png */,
				7C3E5C5619920EA100C53C7B /* underline.png */,
				7C3E5C5719920EA100C53C7B /* 1_75.png */,
				7C3E5C5819920EA100C53C7B /* 1_76.png */,
				7C3E5C5919920EA100C53C7B /* 1_79.png */,
				7C3E5C5A19920EA100C53C7B /* 1_81.png */,
				7C3E5C5B19920EA100C53C7B /* anonymous_user.png */,
				7C3E5C5C19920EA100C53C7B /* 1_90.png */,
				7C3E5C5D19920EA100C53C7B /* 1_94.png */,
				7C3E5C5E19920EA100C53C7B /* 1_98.png */,
				7C3E5C5F19920EA100C53C7B /* 1_100.png */,
				7C3E5C6019920EA100C53C7B /* 1_102.png */,
				7C3E5C6119920EA100C53C7B /* 1_109.png */,
				7C3E5C6219920EA100C53C7B /* 1_112.png */,
				7C3E5C6319920EA100C53C7B /* 1_115.png */,
				7C3E5C6419920EA100C53C7B /* 1_118.png */,
				7C3E5C6519920EA100C53C7B /* 1_121.png */,
				7C3E5C6619920EA100C53C7B /* 1_128.png */,
				7C3E5C6719920EA100C53C7B /* 1_131.png */,
				7C3E5C6819920EA100C53C7B /* 1_133.png */,
			);
			name = Images;
			sourceTree = "<group>";
		};
		7C9E817F1991DFA100156B88 = {
			isa = PBXGroup;
			children = (
				7C9E818A1991DFA100156B88 /* here clone */,
				7C9E81A11991DFA100156B88 /* here cloneTests */,
				7C9E81891991DFA100156B88 /* Products */,
				AF475C44CD5C49859A81FAD0 /* Pods-here clone.xcconfig */,
				152EE7DA0D30420BB89BFA61 /* Frameworks */,
			);
			sourceTree = "<group>";
		};
		7C9E81891991DFA100156B88 /* Products */ = {
			isa = PBXGroup;
			children = (
				7C9E81881991DFA100156B88 /* here clone.app */,
				7C9E819E1991DFA100156B88 /* here cloneTests.xctest */,
			);
			name = Products;
			sourceTree = "<group>";
		};
		7C9E818A1991DFA100156B88 /* here clone */ = {
			isa = PBXGroup;
			children = (
				7C9E818F1991DFA100156B88 /* AppDelegate.h */,
				7C9E81901991DFA100156B88 /* AppDelegate.m */,
				7C01C03519989AD700124BEC /* HEREConstant.h */,
				7C01C03619989AD700124BEC /* HEREConstant.m */,
				7C583F3819AB370400B62244 /* HEREAPIHelper.h */,
				7C583F3919AB370400B62244 /* HEREAPIHelper.m */,
				7CCB1F3F19B4444600A49C8C /* HERECoreDataHelper.h */,
				7CCB1F4019B4444600A49C8C /* HERECoreDataHelper.m */,
				7CA62F6819AF920300943F9C /* HEREAudioHelper.h */,
				7CA62F6919AF920300943F9C /* HEREAudioHelper.m */,
				7CF49708199B887B001AD29F /* HERELocationHelper.h */,
				7CF49709199B887B001AD29F /* HERELocationHelper.m */,
				7CF1A1B91999CAF8004300AF /* Models */,
				7C3E5C161991E1F100C53C7B /* Controllers */,
				7C9E81951991DFA100156B88 /* Main.storyboard */,
				7C9E81981991DFA100156B88 /* Images.xcassets */,
				7C9E818B1991DFA100156B88 /* Supporting Files */,
			);
			path = "here clone";
			sourceTree = "<group>";
		};
		7C9E818B1991DFA100156B88 /* Supporting Files */ = {
			isa = PBXGroup;
			children = (
				7C8D6ADF1994BE3F005A87C4 /* HEREPrefix.pch */,
				7C3E5C3F19920E9700C53C7B /* Images */,
				7C9E818C1991DFA100156B88 /* Info.plist */,
				7C9E818D1991DFA100156B88 /* main.m */,
			);
			name = "Supporting Files";
			sourceTree = "<group>";
		};
		7C9E81A11991DFA100156B88 /* here cloneTests */ = {
			isa = PBXGroup;
			children = (
				7C9E81A41991DFA100156B88 /* here_cloneTests.m */,
				7C9E81A21991DFA100156B88 /* Supporting Files */,
			);
			path = "here cloneTests";
			sourceTree = "<group>";
		};
		7C9E81A21991DFA100156B88 /* Supporting Files */ = {
			isa = PBXGroup;
			children = (
				7C9E81A31991DFA100156B88 /* Info.plist */,
			);
			name = "Supporting Files";
			sourceTree = "<group>";
		};
		7CF1A1B91999CAF8004300AF /* Models */ = {
			isa = PBXGroup;
			children = (
				7C6F424919B0409300EE1B1B /* Here.xcdatamodeld */,
				7CF49704199B5D04001AD29F /* Factory */,
				7CF1A1BA1999CB04004300AF /* HEREBeacon.h */,
				7CF1A1BB1999CB04004300AF /* HEREBeacon.m */,
				7CBA788219B4987D000CFEC8 /* Location.h */,
				7CBA788319B4987D000CFEC8 /* Location.m */,
				7CAA365319B701C100A14A07 /* Message.h */,
				7CAA365419B701C100A14A07 /* Message.m */,
			);
			name = Models;
			sourceTree = "<group>";
		};
		7CF49704199B5D04001AD29F /* Factory */ = {
			isa = PBXGroup;
			children = (
				7CF49701199B5CFF001AD29F /* HEREFactory.h */,
				7CF49702199B5CFF001AD29F /* HEREFactory.m */,
				7C6F428119B0562100EE1B1B /* HEREMessageFactory.h */,
				7C6F428219B0562100EE1B1B /* HEREMessageFactory.m */,
				7C6F428419B0562C00EE1B1B /* HERELocationFactory.h */,
				7C6F428519B0562C00EE1B1B /* HERELocationFactory.m */,
			);
			name = Factory;
			sourceTree = "<group>";
		};
/* End PBXGroup section */

/* Begin PBXNativeTarget section */
		7C9E81871991DFA100156B88 /* here clone */ = {
			isa = PBXNativeTarget;
			buildConfigurationList = 7C9E81A81991DFA100156B88 /* Build configuration list for PBXNativeTarget "here clone" */;
			buildPhases = (
				ED82D20AF1AF4077991822FD /* Check Pods Manifest.lock */,
				7C9E81841991DFA100156B88 /* Sources */,
				7C9E81851991DFA100156B88 /* Frameworks */,
				7C9E81861991DFA100156B88 /* Resources */,
				1210731962BF4381B6904E13 /* Copy Pods Resources */,
			);
			buildRules = (
			);
			dependencies = (
			);
			name = "here clone";
			productName = "here clone";
			productReference = 7C9E81881991DFA100156B88 /* here clone.app */;
			productType = "com.apple.product-type.application";
		};
		7C9E819D1991DFA100156B88 /* here cloneTests */ = {
			isa = PBXNativeTarget;
			buildConfigurationList = 7C9E81AB1991DFA100156B88 /* Build configuration list for PBXNativeTarget "here cloneTests" */;
			buildPhases = (
				7C9E819A1991DFA100156B88 /* Sources */,
				7C9E819B1991DFA100156B88 /* Frameworks */,
				7C9E819C1991DFA100156B88 /* Resources */,
			);
			buildRules = (
			);
			dependencies = (
				7C9E81A01991DFA100156B88 /* PBXTargetDependency */,
			);
			name = "here cloneTests";
			productName = "here cloneTests";
			productReference = 7C9E819E1991DFA100156B88 /* here cloneTests.xctest */;
			productType = "com.apple.product-type.bundle.unit-test";
		};
/* End PBXNativeTarget section */

/* Begin PBXProject section */
		7C9E81801991DFA100156B88 /* Project object */ = {
			isa = PBXProject;
			attributes = {
				LastUpgradeCheck = 0600;
				ORGANIZATIONNAME = Reque.st;
				TargetAttributes = {
					7C9E81871991DFA100156B88 = {
						CreatedOnToolsVersion = 6.0;
						DevelopmentTeam = 49V87TT95M;
						SystemCapabilities = {
							com.apple.BackgroundModes = {
								enabled = 1;
							};
						};
					};
					7C9E819D1991DFA100156B88 = {
						CreatedOnToolsVersion = 6.0;
						TestTargetID = 7C9E81871991DFA100156B88;
					};
				};
			};
			buildConfigurationList = 7C9E81831991DFA100156B88 /* Build configuration list for PBXProject "here clone" */;
			compatibilityVersion = "Xcode 3.2";
			developmentRegion = English;
			hasScannedForEncodings = 0;
			knownRegions = (
				en,
				Base,
			);
			mainGroup = 7C9E817F1991DFA100156B88;
			productRefGroup = 7C9E81891991DFA100156B88 /* Products */;
			projectDirPath = "";
			projectRoot = "";
			targets = (
				7C9E81871991DFA100156B88 /* here clone */,
				7C9E819D1991DFA100156B88 /* here cloneTests */,
			);
		};
/* End PBXProject section */

/* Begin PBXResourcesBuildPhase section */
		7C9E81861991DFA100156B88 /* Resources */ = {
			isa = PBXResourcesBuildPhase;
			buildActionMask = 2147483647;
			files = (
				7C3E5C8119920EA100C53C7B /* 1_76.png in Resources */,
				7C06D01719AF69BF00828692 /* RecordingBkg@2x.png in Resources */,
				7C3E5C7B19920EA100C53C7B /* 1_55.png in Resources */,
				7C3E5C8D19920EA100C53C7B /* 1_118.png in Resources */,
				7C3E5C7819920EA100C53C7B /* add.png in Resources */,
				7C3E5C7F19920EA100C53C7B /* underline.png in Resources */,
				7C3E5C8519920EA100C53C7B /* 1_90.png in Resources */,
				7C3E5C7619920EA100C53C7B /* 1_41.png in Resources */,
				7C3E5C7E19920EA100C53C7B /* 1_62.png in Resources */,
				7C06D01119AF69BF00828692 /* anonymous_user.png in Resources */,
				7C06D01619AF69BF00828692 /* RecordCancel@2x.png in Resources */,
				7C3E5C8C19920EA100C53C7B /* 1_115.png in Resources */,
				7C3E5C8319920EA100C53C7B /* 1_81.png in Resources */,
				7C3E5C7219920EA100C53C7B /* 1_27.png in Resources */,
				7C3E5C8219920EA100C53C7B /* 1_79.png in Resources */,
				7C3E5C8919920EA100C53C7B /* 1_102.png in Resources */,
				7C3E5C6F19920EA100C53C7B /* dark_button.png in Resources */,
				7C3E5C6C19920EA100C53C7B /* 1_09.png in Resources */,
				7C3E5C7019920EA100C53C7B /* 1_21.png in Resources */,
				7C3E5C7419920EA100C53C7B /* left_arrow.png in Resources */,
				7C3E5C6E19920EA100C53C7B /* light_button.png in Resources */,
				7C3E5C7119920EA100C53C7B /* pin.png in Resources */,
				7C3E5C6919920EA100C53C7B /* 1_01.png in Resources */,
				7C3E5C8B19920EA100C53C7B /* 1_112.png in Resources */,
				7C3E5C7919920EA100C53C7B /* menu.png in Resources */,
				7CA62F6719AF899800943F9C /* audio_press@2x.png in Resources */,
				7C06D01419AF69BF00828692 /* audio_play_1@2x.png in Resources */,
				7C9E81971991DFA100156B88 /* Main.storyboard in Resources */,
				7C06D01219AF69BF00828692 /* audio_normal@2x.png in Resources */,
				7C7EBC4B19933E850078BE2F /* here.png in Resources */,
				7C3E5C9019920EA100C53C7B /* 1_131.png in Resources */,
				7C3E5C7A19920EA100C53C7B /* 1_49.png in Resources */,
				7C06D01319AF69BF00828692 /* audio_play_0@2x.png in Resources */,
				7C3E5C6B19920EA100C53C7B /* empty_button.png in Resources */,
				7C3E5C8819920EA100C53C7B /* 1_100.png in Resources */,
				7C3E5C7D19920EA100C53C7B /* 1_60.png in Resources */,
				7C3E5C6A19920EA100C53C7B /* 1_03.png in Resources */,
				7C9E81991991DFA100156B88 /* Images.xcassets in Resources */,
				7C3E5C8A19920EA100C53C7B /* 1_109.png in Resources */,
				7C3E5C8619920EA100C53C7B /* 1_94.png in Resources */,
				7C3E5C8F19920EA100C53C7B /* 1_128.png in Resources */,
				7C3E5C7519920EA100C53C7B /* 1_38.png in Resources */,
				7C3E5C9119920EA100C53C7B /* 1_133.png in Resources */,
				7C3E5C8E19920EA100C53C7B /* 1_121.png in Resources */,
				7C3E5C8019920EA100C53C7B /* 1_75.png in Resources */,
				7C06D01519AF69BF00828692 /* audio_play_2@2x.png in Resources */,
				7C3E5C7719920EA100C53C7B /* mic.png in Resources */,
				7C3E5C6D19920EA100C53C7B /* 1_12.png in Resources */,
				7C3E5C8719920EA100C53C7B /* 1_98.png in Resources */,
				7C3E5C7319920EA100C53C7B /* 1_29.png in Resources */,
				7C3E5C7C19920EA100C53C7B /* 1_57.png in Resources */,
			);
			runOnlyForDeploymentPostprocessing = 0;
		};
		7C9E819C1991DFA100156B88 /* Resources */ = {
			isa = PBXResourcesBuildPhase;
			buildActionMask = 2147483647;
			files = (
			);
			runOnlyForDeploymentPostprocessing = 0;
		};
/* End PBXResourcesBuildPhase section */

/* Begin PBXShellScriptBuildPhase section */
		1210731962BF4381B6904E13 /* Copy Pods Resources */ = {
			isa = PBXShellScriptBuildPhase;
			buildActionMask = 2147483647;
			files = (
			);
			inputPaths = (
			);
			name = "Copy Pods Resources";
			outputPaths = (
			);
			runOnlyForDeploymentPostprocessing = 0;
			shellPath = /bin/sh;
			shellScript = "\"${SRCROOT}/Pods/Pods-here clone-resources.sh\"\n";
			showEnvVarsInLog = 0;
		};
		ED82D20AF1AF4077991822FD /* Check Pods Manifest.lock */ = {
			isa = PBXShellScriptBuildPhase;
			buildActionMask = 2147483647;
			files = (
			);
			inputPaths = (
			);
			name = "Check Pods Manifest.lock";
			outputPaths = (
			);
			runOnlyForDeploymentPostprocessing = 0;
			shellPath = /bin/sh;
			shellScript = "diff \"${PODS_ROOT}/../Podfile.lock\" \"${PODS_ROOT}/Manifest.lock\" > /dev/null\nif [[ $? != 0 ]] ; then\n    cat << EOM\nerror: The sandbox is not in sync with the Podfile.lock. Run 'pod install' or update your CocoaPods installation.\nEOM\n    exit 1\nfi\n";
			showEnvVarsInLog = 0;
		};
/* End PBXShellScriptBuildPhase section */

/* Begin PBXSourcesBuildPhase section */
		7C9E81841991DFA100156B88 /* Sources */ = {
			isa = PBXSourcesBuildPhase;
			buildActionMask = 2147483647;
			files = (
				7C6F428319B0562100EE1B1B /* HEREMessageFactory.m in Sources */,
				7C3E5C221992033000C53C7B /* HEREBeaconsTableViewController.m in Sources */,
				7C9E81911991DFA100156B88 /* AppDelegate.m in Sources */,
				7CDD6D8A19922D5400138475 /* HEREMenuTableViewController.m in Sources */,
				7CF1A1BC1999CB04004300AF /* HEREBeacon.m in Sources */,
				7C8D6AE21994C1D0005A87C4 /* HERESignInUpViewController.m in Sources */,
				7C9893D71993A53000A53029 /* HEREAddBeaconViewController.m in Sources */,
				7C06CFCB19AF139F00828692 /* HEREAudioPlayerView.m in Sources */,
				7C2B11B01998B72F00C3EBC1 /* HEREBeaconsMessagesTableViewController.m in Sources */,
				7C3E5C151991E1E900C53C7B /* HERERootViewController.m in Sources */,
				7CAE354519A1C28100263241 /* CustomCell.m in Sources */,
				7CF49703199B5CFF001AD29F /* HEREFactory.m in Sources */,
				7CCB1F4119B4444600A49C8C /* HERECoreDataHelper.m in Sources */,
				7C583F3A19AB370400B62244 /* HEREAPIHelper.m in Sources */,
				7CBA788419B4987D000CFEC8 /* Location.m in Sources */,
				7C9E818E1991DFA100156B88 /* main.m in Sources */,
				7CAA365519B701C100A14A07 /* Message.m in Sources */,
				7C8D6AD4199485DC005A87C4 /* UIViewController+HEREMenu.m in Sources */,
				7CF4970A199B887B001AD29F /* HERELocationHelper.m in Sources */,
				7CA62F6A19AF920300943F9C /* HEREAudioHelper.m in Sources */,
				7C3E5C1F199200D000C53C7B /* HERENavigationViewController.m in Sources */,
				7C6F424B19B0409300EE1B1B /* Here.xcdatamodeld in Sources */,
				7C3E5C191991EF6300C53C7B /* HEREHomeViewController.m in Sources */,
				7C3E5C941992109300C53C7B /* HERESignInViewController.m in Sources */,
				7C6F428619B0562C00EE1B1B /* HERELocationFactory.m in Sources */,
				7C3E5C28199207C100C53C7B /* HERECreateUserViewController.m in Sources */,
				7C01C03719989AD700124BEC /* HEREConstant.m in Sources */,
			);
			runOnlyForDeploymentPostprocessing = 0;
		};
		7C9E819A1991DFA100156B88 /* Sources */ = {
			isa = PBXSourcesBuildPhase;
			buildActionMask = 2147483647;
			files = (
				7C9E81A51991DFA100156B88 /* here_cloneTests.m in Sources */,
			);
			runOnlyForDeploymentPostprocessing = 0;
		};
/* End PBXSourcesBuildPhase section */

/* Begin PBXTargetDependency section */
		7C9E81A01991DFA100156B88 /* PBXTargetDependency */ = {
			isa = PBXTargetDependency;
			target = 7C9E81871991DFA100156B88 /* here clone */;
			targetProxy = 7C9E819F1991DFA100156B88 /* PBXContainerItemProxy */;
		};
/* End PBXTargetDependency section */

/* Begin PBXVariantGroup section */
		7C9E81951991DFA100156B88 /* Main.storyboard */ = {
			isa = PBXVariantGroup;
			children = (
				7C9E81961991DFA100156B88 /* Base */,
			);
			name = Main.storyboard;
			sourceTree = "<group>";
		};
/* End PBXVariantGroup section */

/* Begin XCBuildConfiguration section */
		7C9E81A61991DFA100156B88 /* Debug */ = {
			isa = XCBuildConfiguration;
			buildSettings = {
				ALWAYS_SEARCH_USER_PATHS = NO;
				CLANG_CXX_LANGUAGE_STANDARD = "gnu++0x";
				CLANG_CXX_LIBRARY = "libc++";
				CLANG_ENABLE_MODULES = YES;
				CLANG_ENABLE_OBJC_ARC = YES;
				CLANG_WARN_BOOL_CONVERSION = YES;
				CLANG_WARN_CONSTANT_CONVERSION = YES;
				CLANG_WARN_DIRECT_OBJC_ISA_USAGE = YES_ERROR;
				CLANG_WARN_EMPTY_BODY = YES;
				CLANG_WARN_ENUM_CONVERSION = YES;
				CLANG_WARN_INT_CONVERSION = YES;
				CLANG_WARN_OBJC_ROOT_CLASS = YES_ERROR;
				CLANG_WARN_UNREACHABLE_CODE = YES;
				CLANG_WARN__DUPLICATE_METHOD_MATCH = YES;
				"CODE_SIGN_IDENTITY[sdk=iphoneos*]" = "iPhone Developer";
				COPY_PHASE_STRIP = NO;
				ENABLE_STRICT_OBJC_MSGSEND = YES;
				GCC_C_LANGUAGE_STANDARD = gnu99;
				GCC_DYNAMIC_NO_PIC = NO;
				GCC_OPTIMIZATION_LEVEL = 0;
				GCC_PREPROCESSOR_DEFINITIONS = (
					"DEBUG=1",
					"$(inherited)",
				);
				GCC_SYMBOLS_PRIVATE_EXTERN = NO;
				GCC_WARN_64_TO_32_BIT_CONVERSION = YES;
				GCC_WARN_ABOUT_RETURN_TYPE = YES_ERROR;
				GCC_WARN_UNDECLARED_SELECTOR = YES;
				GCC_WARN_UNINITIALIZED_AUTOS = YES_AGGRESSIVE;
				GCC_WARN_UNUSED_FUNCTION = YES;
				GCC_WARN_UNUSED_VARIABLE = YES;
				IPHONEOS_DEPLOYMENT_TARGET = 7.1;
				MTL_ENABLE_DEBUG_INFO = YES;
				ONLY_ACTIVE_ARCH = YES;
				SDKROOT = iphoneos;
			};
			name = Debug;
		};
		7C9E81A71991DFA100156B88 /* Release */ = {
			isa = XCBuildConfiguration;
			buildSettings = {
				ALWAYS_SEARCH_USER_PATHS = NO;
				CLANG_CXX_LANGUAGE_STANDARD = "gnu++0x";
				CLANG_CXX_LIBRARY = "libc++";
				CLANG_ENABLE_MODULES = YES;
				CLANG_ENABLE_OBJC_ARC = YES;
				CLANG_WARN_BOOL_CONVERSION = YES;
				CLANG_WARN_CONSTANT_CONVERSION = YES;
				CLANG_WARN_DIRECT_OBJC_ISA_USAGE = YES_ERROR;
				CLANG_WARN_EMPTY_BODY = YES;
				CLANG_WARN_ENUM_CONVERSION = YES;
				CLANG_WARN_INT_CONVERSION = YES;
				CLANG_WARN_OBJC_ROOT_CLASS = YES_ERROR;
				CLANG_WARN_UNREACHABLE_CODE = YES;
				CLANG_WARN__DUPLICATE_METHOD_MATCH = YES;
				"CODE_SIGN_IDENTITY[sdk=iphoneos*]" = "iPhone Developer";
				COPY_PHASE_STRIP = YES;
				ENABLE_NS_ASSERTIONS = NO;
				ENABLE_STRICT_OBJC_MSGSEND = YES;
				GCC_C_LANGUAGE_STANDARD = gnu99;
				GCC_WARN_64_TO_32_BIT_CONVERSION = YES;
				GCC_WARN_ABOUT_RETURN_TYPE = YES_ERROR;
				GCC_WARN_UNDECLARED_SELECTOR = YES;
				GCC_WARN_UNINITIALIZED_AUTOS = YES_AGGRESSIVE;
				GCC_WARN_UNUSED_FUNCTION = YES;
				GCC_WARN_UNUSED_VARIABLE = YES;
				IPHONEOS_DEPLOYMENT_TARGET = 7.1;
				MTL_ENABLE_DEBUG_INFO = NO;
				SDKROOT = iphoneos;
				VALIDATE_PRODUCT = YES;
			};
			name = Release;
		};
		7C9E81A91991DFA100156B88 /* Debug */ = {
			isa = XCBuildConfiguration;
			baseConfigurationReference = AF475C44CD5C49859A81FAD0 /* Pods-here clone.xcconfig */;
			buildSettings = {
				ASSETCATALOG_COMPILER_APPICON_NAME = AppIcon;
				ASSETCATALOG_COMPILER_LAUNCHIMAGE_NAME = LaunchImage;
				CLANG_ENABLE_MODULES = YES;
				CODE_SIGN_IDENTITY = "iPhone Developer";
				GCC_PRECOMPILE_PREFIX_HEADER = YES;
				GCC_PREFIX_HEADER = "here clone/HEREPrefix.pch";
				INFOPLIST_FILE = "here clone/Info.plist";
				IPHONEOS_DEPLOYMENT_TARGET = 7.1;
				LD_RUNPATH_SEARCH_PATHS = "$(inherited) @executable_path/Frameworks";
				PRODUCT_NAME = "$(TARGET_NAME)";
				SWIFT_OBJC_BRIDGING_HEADER = "here clone/here clone-Bridging-Header.h";
				SWIFT_OPTIMIZATION_LEVEL = "-Onone";
			};
			name = Debug;
		};
		7C9E81AA1991DFA100156B88 /* Release */ = {
			isa = XCBuildConfiguration;
			baseConfigurationReference = AF475C44CD5C49859A81FAD0 /* Pods-here clone.xcconfig */;
			buildSettings = {
				ASSETCATALOG_COMPILER_APPICON_NAME = AppIcon;
				ASSETCATALOG_COMPILER_LAUNCHIMAGE_NAME = LaunchImage;
				CLANG_ENABLE_MODULES = YES;
				CODE_SIGN_IDENTITY = "iPhone Distribution: STAY REAL LIMITED";
				GCC_PRECOMPILE_PREFIX_HEADER = YES;
				GCC_PREFIX_HEADER = "here clone/HEREPrefix.pch";
				INFOPLIST_FILE = "here clone/Info.plist";
				IPHONEOS_DEPLOYMENT_TARGET = 7.1;
				LD_RUNPATH_SEARCH_PATHS = "$(inherited) @executable_path/Frameworks";
				PRODUCT_NAME = "$(TARGET_NAME)";
				PROVISIONING_PROFILE = "48f30ea3-e116-45b8-9314-b8264875d5c8";
				SWIFT_OBJC_BRIDGING_HEADER = "here clone/here clone-Bridging-Header.h";
			};
			name = Release;
		};
		7C9E81AC1991DFA100156B88 /* Debug */ = {
			isa = XCBuildConfiguration;
			buildSettings = {
				BUNDLE_LOADER = "$(TEST_HOST)";
				FRAMEWORK_SEARCH_PATHS = (
					"$(SDKROOT)/Developer/Library/Frameworks",
					"$(inherited)",
				);
				GCC_PREPROCESSOR_DEFINITIONS = (
					"DEBUG=1",
					"$(inherited)",
				);
				INFOPLIST_FILE = "here cloneTests/Info.plist";
				LD_RUNPATH_SEARCH_PATHS = "$(inherited) @executable_path/Frameworks @loader_path/Frameworks";
				PRODUCT_NAME = "$(TARGET_NAME)";
				TEST_HOST = "$(BUILT_PRODUCTS_DIR)/here clone.app/here clone";
			};
			name = Debug;
		};
		7C9E81AD1991DFA100156B88 /* Release */ = {
			isa = XCBuildConfiguration;
			buildSettings = {
				BUNDLE_LOADER = "$(TEST_HOST)";
				FRAMEWORK_SEARCH_PATHS = (
					"$(SDKROOT)/Developer/Library/Frameworks",
					"$(inherited)",
				);
				INFOPLIST_FILE = "here cloneTests/Info.plist";
				LD_RUNPATH_SEARCH_PATHS = "$(inherited) @executable_path/Frameworks @loader_path/Frameworks";
				PRODUCT_NAME = "$(TARGET_NAME)";
				TEST_HOST = "$(BUILT_PRODUCTS_DIR)/here clone.app/here clone";
			};
			name = Release;
		};
/* End XCBuildConfiguration section */

/* Begin XCConfigurationList section */
		7C9E81831991DFA100156B88 /* Build configuration list for PBXProject "here clone" */ = {
			isa = XCConfigurationList;
			buildConfigurations = (
				7C9E81A61991DFA100156B88 /* Debug */,
				7C9E81A71991DFA100156B88 /* Release */,
			);
			defaultConfigurationIsVisible = 0;
			defaultConfigurationName = Release;
		};
		7C9E81A81991DFA100156B88 /* Build configuration list for PBXNativeTarget "here clone" */ = {
			isa = XCConfigurationList;
			buildConfigurations = (
				7C9E81A91991DFA100156B88 /* Debug */,
				7C9E81AA1991DFA100156B88 /* Release */,
			);
			defaultConfigurationIsVisible = 0;
			defaultConfigurationName = Release;
		};
		7C9E81AB1991DFA100156B88 /* Build configuration list for PBXNativeTarget "here cloneTests" */ = {
			isa = XCConfigurationList;
			buildConfigurations = (
				7C9E81AC1991DFA100156B88 /* Debug */,
				7C9E81AD1991DFA100156B88 /* Release */,
			);
			defaultConfigurationIsVisible = 0;
			defaultConfigurationName = Release;
		};
/* End XCConfigurationList section */

/* Begin XCVersionGroup section */
		7C6F424919B0409300EE1B1B /* Here.xcdatamodeld */ = {
			isa = XCVersionGroup;
			children = (
				7CAA364919B6CCE200A14A07 /* Here 2.xcdatamodel */,
				7C6F424A19B0409300EE1B1B /* Here.xcdatamodel */,
			);
			currentVersion = 7CAA364919B6CCE200A14A07 /* Here 2.xcdatamodel */;
			path = Here.xcdatamodeld;
			sourceTree = "<group>";
			versionGroupType = wrapper.xcdatamodel;
		};
/* End XCVersionGroup section */
	};
	rootObject = 7C9E81801991DFA100156B88 /* Project object */;
}
